// !$*UTF8*$!
{
	archiveVersion = 1;
	classes = {
	};
	objectVersion = 46;
	objects = {

/* Begin PBXBuildFile section */
		9413E1E11C8CD583003D1D94 /* AppDelegate.swift in Sources */ = {isa = PBXBuildFile; fileRef = 9413E1E01C8CD583003D1D94 /* AppDelegate.swift */; };
		9413E1E31C8CD583003D1D94 /* ViewController.swift in Sources */ = {isa = PBXBuildFile; fileRef = 9413E1E21C8CD583003D1D94 /* ViewController.swift */; };
		9413E1E61C8CD583003D1D94 /* Main.storyboard in Resources */ = {isa = PBXBuildFile; fileRef = 9413E1E41C8CD583003D1D94 /* Main.storyboard */; };
		9413E1E81C8CD583003D1D94 /* Assets.xcassets in Resources */ = {isa = PBXBuildFile; fileRef = 9413E1E71C8CD583003D1D94 /* Assets.xcassets */; };
		9413E1EB1C8CD583003D1D94 /* LaunchScreen.storyboard in Resources */ = {isa = PBXBuildFile; fileRef = 9413E1E91C8CD583003D1D94 /* LaunchScreen.storyboard */; };
/* End PBXBuildFile section */

/* Begin PBXFileReference section */
		9413E1DD1C8CD583003D1D94 /* MyLocalizedApp.app */ = {isa = PBXFileReference; explicitFileType = wrapper.application; includeInIndex = 0; path = MyLocalizedApp.app; sourceTree = BUILT_PRODUCTS_DIR; };
		9413E1E01C8CD583003D1D94 /* AppDelegate.swift */ = {isa = PBXFileReference; lastKnownFileType = sourcecode.swift; path = AppDelegate.swift; sourceTree = "<group>"; };
		9413E1E21C8CD583003D1D94 /* ViewController.swift */ = {isa = PBXFileReference; lastKnownFileType = sourcecode.swift; path = ViewController.swift; sourceTree = "<group>"; };
		9413E1E51C8CD583003D1D94 /* Base */ = {isa = PBXFileReference; lastKnownFileType = file.storyboard; name = Base; path = Base.lproj/Main.storyboard; sourceTree = "<group>"; };
		9413E1E71C8CD583003D1D94 /* Assets.xcassets */ = {isa = PBXFileReference; lastKnownFileType = folder.assetcatalog; path = Assets.xcassets; sourceTree = "<group>"; };
		9413E1EA1C8CD583003D1D94 /* Base */ = {isa = PBXFileReference; lastKnownFileType = file.storyboard; name = Base; path = Base.lproj/LaunchScreen.storyboard; sourceTree = "<group>"; };
		9413E1EC1C8CD583003D1D94 /* Info.plist */ = {isa = PBXFileReference; lastKnownFileType = text.plist.xml; path = Info.plist; sourceTree = "<group>"; };
/* End PBXFileReference section */

/* Begin PBXFrameworksBuildPhase section */
		9413E1DA1C8CD583003D1D94 /* Frameworks */ = {
			isa = PBXFrameworksBuildPhase;
			buildActionMask = 2147483647;
			files = (
			);
			runOnlyForDeploymentPostprocessing = 0;
		};
/* End PBXFrameworksBuildPhase section */

/* Begin PBXGroup section */
		9413E1D41C8CD582003D1D94 = {
			isa = PBXGroup;
			children = (
				9413E1DF1C8CD583003D1D94 /* MyLocalizedApp */,
				9413E1DE1C8CD583003D1D94 /* Products */,
			);
			sourceTree = "<group>";
		};
		9413E1DE1C8CD583003D1D94 /* Products */ = {
			isa = PBXGroup;
			children = (
				9413E1DD1C8CD583003D1D94 /* MyLocalizedApp.app */,
			);
			name = Products;
			sourceTree = "<group>";
		};
		9413E1DF1C8CD583003D1D94 /* MyLocalizedApp */ = {
			isa = PBXGroup;
			children = (
				9413E1E01C8CD583003D1D94 /* AppDelegate.swift */,
				9413E1E21C8CD583003D1D94 /* ViewController.swift */,
				9413E1E41C8CD583003D1D94 /* Main.storyboard */,
				9413E1E71C8CD583003D1D94 /* Assets.xcassets */,
				9413E1E91C8CD583003D1D94 /* LaunchScreen.storyboard */,
				9413E1EC1C8CD583003D1D94 /* Info.plist */,
			);
			path = MyLocalizedApp;
			sourceTree = "<group>";
		};
/* End PBXGroup section */

/* Begin PBXNativeTarget section */
		9413E1DC1C8CD583003D1D94 /* MyLocalizedApp */ = {
			isa = PBXNativeTarget;
			buildConfigurationList = 9413E1EF1C8CD583003D1D94 /* Build configuration list for PBXNativeTarget "MyLocalizedApp" */;
			buildPhases = (
				9413E1D91C8CD583003D1D94 /* Sources */,
				9413E1DA1C8CD583003D1D94 /* Frameworks */,
				9413E1DB1C8CD583003D1D94 /* Resources */,
			);
			buildRules = (
			);
			dependencies = (
			);
			name = MyLocalizedApp;
			productName = MyLocalizedApp;
			productReference = 9413E1DD1C8CD583003D1D94 /* MyLocalizedApp.app */;
			productType = "com.apple.product-type.application";
		};
/* End PBXNativeTarget section */

/* Begin PBXProject section */
		9413E1D51C8CD582003D1D94 /* Project object */ = {
			isa = PBXProject;
			attributes = {
				LastSwiftUpdateCheck = 0720;
				LastUpgradeCheck = 0720;
				ORGANIZATIONNAME = "Sergey Kargopolov";
				TargetAttributes = {
					9413E1DC1C8CD583003D1D94 = {
						CreatedOnToolsVersion = 7.2;
					};
				};
			};
			buildConfigurationList = 9413E1D81C8CD582003D1D94 /* Build configuration list for PBXProject "MyLocalizedApp" */;
			compatibilityVersion = "Xcode 3.2";
			developmentRegion = English;
			hasScannedForEncodings = 0;
			knownRegions = (
				en,
				Base,
			);
			mainGroup = 9413E1D41C8CD582003D1D94;
			productRefGroup = 9413E1DE1C8CD583003D1D94 /* Products */;
			projectDirPath = "";
			projectRoot = "";
			targets = (
				9413E1DC1C8CD583003D1D94 /* MyLocalizedApp */,
			);
		};
/* End PBXProject section */

/* Begin PBXResourcesBuildPhase section */
		9413E1DB1C8CD583003D1D94 /* Resources */ = {
			isa = PBXResourcesBuildPhase;
			buildActionMask = 2147483647;
			files = (
				9413E1EB1C8CD583003D1D94 /* LaunchScreen.storyboard in Resources */,
				9413E1E81C8CD583003D1D94 /* Assets.xcassets in Resources */,
				9413E1E61C8CD583003D1D94 /* Main.storyboard in Resources */,
			);
			runOnlyForDeploymentPostprocessing = 0;
		};
/* End PBXResourcesBuildPhase section */

/* Begin PBXSourcesBuildPhase section */
		9413E1D91C8CD583003D1D94 /* Sources */ = {
			isa = PBXSourcesBuildPhase;
			buildActionMask = 2147483647;
			files = (
				9413E1E31C8CD583003D1D94 /* ViewController.swift in Sources */,
				9413E1E11C8CD583003D1D94 /* AppDelegate.swift in Sources */,
			);
			runOnlyForDeploymentPostprocessing = 0;
		};
/* End PBXSourcesBuildPhase section */

/* Begin PBXVariantGroup section */
		9413E1E41C8CD583003D1D94 /* Main.storyboard */ = {
			isa = PBXVariantGroup;
			children = (
				9413E1E51C8CD583003D1D94 /* Base */,
			);
			name = Main.storyboard;
			sourceTree = "<group>";
		};
		9413E1E91C8CD583003D1D94 /* LaunchScreen.storyboard */ = {
			isa = PBXVariantGroup;
			children = (
				9413E1EA1C8CD583003D1D94 /* Base */,
			);
			name = LaunchScreen.storyboard;
			sourceTree = "<group>";
		};
/* End PBXVariantGroup section */

/* Begin XCBuildConfiguration section */
		9413E1ED1C8CD583003D1D94 /* Debug */ = {
			isa = XCBuildConfiguration;
			buildSettings = {
				ALWAYS_SEARCH_USER_PATHS = NO;
				CLANG_CXX_LANGUAGE_STANDARD = "gnu++0x";
				CLANG_CXX_LIBRARY = "libc++";
				CLANG_ENABLE_MODULES = YES;
				CLANG_ENABLE_OBJC_ARC = YES;
				CLANG_WARN_BOOL_CONVERSION = YES;
				CLANG_WARN_CONSTANT_CONVERSION = YES;
				CLANG_WARN_DIRECT_OBJC_ISA_USAGE = YES_ERROR;
				CLANG_WARN_EMPTY_BODY = YES;
				CLANG_WARN_ENUM_CONVERSION = YES;
				CLANG_WARN_INT_CONVERSION = YES;
				CLANG_WARN_OBJC_ROOT_CLASS = YES_ERROR;
				CLANG_WARN_UNREACHABLE_CODE = YES;
				CLANG_WARN__DUPLICATE_METHOD_MATCH = YES;
				"CODE_SIGN_IDENTITY[sdk=iphoneos*]" = "iPhone Developer";
				COPY_PHASE_STRIP = NO;
				DEBUG_INFORMATION_FORMAT = dwarf;
				ENABLE_STRICT_OBJC_MSGSEND = YES;
				ENABLE_TESTABILITY = YES;
				GCC_C_LANGUAGE_STANDARD = gnu99;
				GCC_DYNAMIC_NO_PIC = NO;
				GCC_NO_COMMON_BLOCKS = YES;
				GCC_OPTIMIZATION_LEVEL = 0;
				GCC_PREPROCESSOR_DEFINITIONS = (
					"DEBUG=1",
					"$(inherited)",
				);
				GCC_WARN_64_TO_32_BIT_CONVERSION = YES;
				GCC_WARN_ABOUT_RETURN_TYPE = YES_ERROR;
				GCC_WARN_UNDECLARED_SELECTOR = YES;
				GCC_WARN_UNINITIALIZED_AUTOS = YES_AGGRESSIVE;
				GCC_WARN_UNUSED_FUNCTION = YES;
				GCC_WARN_UNUSED_VARIABLE = YES;
				IPHONEOS_DEPLOYMENT_TARGET = 9.2;
				MTL_ENABLE_DEBUG_INFO = YES;
				ONLY_ACTIVE_ARCH = YES;
				SDKROOT = iphoneos;
				SWIFT_OPTIMIZATION_LEVEL = "-Onone";
			};
			name = Debug;
		};
		9413E1EE1C8CD583003D1D94 /* Release */ = {
			isa = XCBuildConfiguration;
			buildSettings = {
				ALWAYS_SEARCH_USER_PATHS = NO;
				CLANG_CXX_LANGUAGE_STANDARD = "gnu++0x";
				CLANG_CXX_LIBRARY = "libc++";
				CLANG_ENABLE_MODULES = YES;
				CLANG_ENABLE_OBJC_ARC = YES;
				CLANG_WARN_BOOL_CONVERSION = YES;
				CLANG_WARN_CONSTANT_CONVERSION = YES;
				CLANG_WARN_DIRECT_OBJC_ISA_USAGE = YES_ERROR;
				CLANG_WARN_EMPTY_BODY = YES;
				CLANG_WARN_ENUM_CONVERSION = YES;
				CLANG_WARN_INT_CONVERSION = YES;
				CLANG_WARN_OBJC_ROOT_CLASS = YES_ERROR;
				CLANG_WARN_UNREACHABLE_CODE = YES;
				CLANG_WARN__DUPLICATE_METHOD_MATCH = YES;
				"CODE_SIGN_IDENTITY[sdk=iphoneos*]" = "iPhone Developer";
				COPY_PHASE_STRIP = NO;
				DEBUG_INFORMATION_FORMAT = "dwarf-with-dsym";
				ENABLE_NS_ASSERTIONS = NO;
				ENABLE_STRICT_OBJC_MSGSEND = YES;
				GCC_C_LANGUAGE_STANDARD = gnu99;
				GCC_NO_COMMON_BLOCKS = YES;
				GCC_WARN_64_TO_32_BIT_CONVERSION = YES;
				GCC_WARN_ABOUT_RETURN_TYPE = YES_ERROR;
				GCC_WARN_UNDECLARED_SELECTOR = YES;
				GCC_WARN_UNINITIALIZED_AUTOS = YES_AGGRESSIVE;
				GCC_WARN_UNUSED_FUNCTION = YES;
				GCC_WARN_UNUSED_VARIABLE = YES;
				IPHONEOS_DEPLOYMENT_TARGET = 9.2;
				MTL_ENABLE_DEBUG_INFO = NO;
				SDKROOT = iphoneos;
				VALIDATE_PRODUCT = YES;
			};
			name = Release;
		};
		9413E1F01C8CD583003D1D94 /* Debug */ = {
			isa = XCBuildConfiguration;
			buildSettings = {
				ASSETCATALOG_COMPILER_APPICON_NAME = AppIcon;
				INFOPLIST_FILE = MyLocalizedApp/Info.plist;
				LD_RUNPATH_SEARCH_PATHS = "$(inherited) @executable_path/Frameworks";
				PRODUCT_BUNDLE_IDENTIFIER = com.kargopolov.MyLocalizedApp;
				PRODUCT_NAME = "$(TARGET_NAME)";
			};
			name = Debug;
		};
		9413E1F11C8CD583003D1D94 /* Release */ = {
			isa = XCBuildConfiguration;
			buildSettings = {
				ASSETCATALOG_COMPILER_APPICON_NAME = AppIcon;
				INFOPLIST_FILE = MyLocalizedApp/Info.plist;
				LD_RUNPATH_SEARCH_PATHS = "$(inherited) @executable_path/Frameworks";
				PRODUCT_BUNDLE_IDENTIFIER = com.kargopolov.MyLocalizedApp;
				PRODUCT_NAME = "$(TARGET_NAME)";
			};
			name = Release;
		};
/* End XCBuildConfiguration section */

/* Begin XCConfigurationList section */
		9413E1D81C8CD582003D1D94 /* Build configuration list for PBXProject "MyLocalizedApp" */ = {
			isa = XCConfigurationList;
			buildConfigurations = (
				9413E1ED1C8CD583003D1D94 /* Debug */,
				9413E1EE1C8CD583003D1D94 /* Release */,
			);
			defaultConfigurationIsVisible = 0;
			defaultConfigurationName = Release;
		};
		9413E1EF1C8CD583003D1D94 /* Build configuration list for PBXNativeTarget "MyLocalizedApp" */ = {
			isa = XCConfigurationList;
			buildConfigurations = (
				9413E1F01C8CD583003D1D94 /* Debug */,
				9413E1F11C8CD583003D1D94 /* Release */,
			);
			defaultConfigurationIsVisible = 0;
		};
/* End XCConfigurationList section */
	};
	rootObject = 9413E1D51C8CD582003D1D94 /* Project object */;
}
